// !$*UTF8*$!
{
	archiveVersion = 1;
	classes = {
	};
	objectVersion = 46;
	objects = {

/* Begin PBXBuildFile section */
		62E0531F1A8C4A7F00BAF238 /* main.c in Sources */ = {isa = PBXBuildFile; fileRef = 62E0531E1A8C4A7F00BAF238 /* main.c */; };
/* End PBXBuildFile section */

/* Begin PBXCopyFilesBuildPhase section */
		62E053191A8C4A7F00BAF238 /* CopyFiles */ = {
			isa = PBXCopyFilesBuildPhase;
			buildActionMask = 2147483647;
			dstPath = /usr/share/man/man1/;
			dstSubfolderSpec = 0;
			files = (
			);
			runOnlyForDeploymentPostprocessing = 1;
		};
/* End PBXCopyFilesBuildPhase section */

/* Begin PBXFileReference section */
		62E0531B1A8C4A7F00BAF238 /* UncertainParametersAndParameterSentinel */ = {isa = PBXFileReference; explicitFileType = "compiled.mach-o.executable"; includeInIndex = 0; path = UncertainParametersAndParameterSentinel; sourceTree = BUILT_PRODUCTS_DIR; };
		62E0531E1A8C4A7F00BAF238 /* main.c */ = {isa = PBXFileReference; lastKnownFileType = sourcecode.c.c; path = main.c; sourceTree = "<group>"; };
/* End PBXFileReference section */

/* Begin PBXFrameworksBuildPhase section */
		62E053181A8C4A7F00BAF238 /* Frameworks */ = {
			isa = PBXFrameworksBuildPhase;
			buildActionMask = 2147483647;
			files = (
			);
			runOnlyForDeploymentPostprocessing = 0;
		};
/* End PBXFrameworksBuildPhase section */

/* Begin PBXGroup section */
		62E053121A8C4A7F00BAF238 = {
			isa = PBXGroup;
			children = (
				62E0531D1A8C4A7F00BAF238 /* UncertainParametersAndParameterSentinel */,
				62E0531C1A8C4A7F00BAF238 /* Products */,
			);
			sourceTree = "<group>";
		};
		62E0531C1A8C4A7F00BAF238 /* Products */ = {
			isa = PBXGroup;
			children = (
				62E0531B1A8C4A7F00BAF238 /* UncertainParametersAndParameterSentinel */,
			);
			name = Products;
			sourceTree = "<group>";
		};
		62E0531D1A8C4A7F00BAF238 /* UncertainParametersAndParameterSentinel */ = {
			isa = PBXGroup;
			children = (
				62E0531E1A8C4A7F00BAF238 /* main.c */,
			);
			path = UncertainParametersAndParameterSentinel;
			sourceTree = "<group>";
		};
/* End PBXGroup section */

/* Begin PBXNativeTarget section */
		62E0531A1A8C4A7F00BAF238 /* UncertainParametersAndParameterSentinel */ = {
			isa = PBXNativeTarget;
			buildConfigurationList = 62E053221A8C4A7F00BAF238 /* Build configuration list for PBXNativeTarget "UncertainParametersAndParameterSentinel" */;
			buildPhases = (
				62E053171A8C4A7F00BAF238 /* Sources */,
				62E053181A8C4A7F00BAF238 /* Frameworks */,
				62E053191A8C4A7F00BAF238 /* CopyFiles */,
			);
			buildRules = (
			);
			dependencies = (
			);
			name = UncertainParametersAndParameterSentinel;
			productName = UncertainParametersAndParameterSentinel;
			productReference = 62E0531B1A8C4A7F00BAF238 /* UncertainParametersAndParameterSentinel */;
			productType = "com.apple.product-type.tool";
		};
/* End PBXNativeTarget section */

/* Begin PBXProject section */
		62E053131A8C4A7F00BAF238 /* Project object */ = {
			isa = PBXProject;
			attributes = {
				LastUpgradeCheck = 0610;
				ORGANIZATIONNAME = llc;
				TargetAttributes = {
					62E0531A1A8C4A7F00BAF238 = {
						CreatedOnToolsVersion = 6.1.1;
					};
				};
			};
			buildConfigurationList = 62E053161A8C4A7F00BAF238 /* Build configuration list for PBXProject "UncertainParametersAndParameterSentinel" */;
			compatibilityVersion = "Xcode 3.2";
			developmentRegion = English;
			hasScannedForEncodings = 0;
			knownRegions = (
				en,
			);
			mainGroup = 62E053121A8C4A7F00BAF238;
			productRefGroup = 62E0531C1A8C4A7F00BAF238 /* Products */;
			projectDirPath = "";
			projectRoot = "";
			targets = (
				62E0531A1A8C4A7F00BAF238 /* UncertainParametersAndParameterSentinel */,
			);
		};
/* End PBXProject section */

/* Begin PBXSourcesBuildPhase section */
		62E053171A8C4A7F00BAF238 /* Sources */ = {
			isa = PBXSourcesBuildPhase;
			buildActionMask = 2147483647;
			files = (
				62E0531F1A8C4A7F00BAF238 /* main.c in Sources */,
			);
			runOnlyForDeploymentPostprocessing = 0;
		};
/* End PBXSourcesBuildPhase section */

/* Begin XCBuildConfiguration section */
		62E053201A8C4A7F00BAF238 /* Debug */ = {
			isa = XCBuildConfiguration;
			buildSettings = {
				ALWAYS_SEARCH_USER_PATHS = NO;
				CLANG_CXX_LANGUAGE_STANDARD = "gnu++0x";
				CLANG_CXX_LIBRARY = "libc++";
				CLANG_ENABLE_MODULES = YES;
				CLANG_ENABLE_OBJC_ARC = YES;
				CLANG_WARN_BOOL_CONVERSION = YES;
				CLANG_WARN_CONSTANT_CONVERSION = YES;
				CLANG_WARN_DIRECT_OBJC_ISA_USAGE = YES_ERROR;
				CLANG_WARN_EMPTY_BODY = YES;
				CLANG_WARN_ENUM_CONVERSION = YES;
				CLANG_WARN_INT_CONVERSION = YES;
				CLANG_WARN_OBJC_ROOT_CLASS = YES_ERROR;
				CLANG_WARN_UNREACHABLE_CODE = YES;
				CLANG_WARN__DUPLICATE_METHOD_MATCH = YES;
				COPY_PHASE_STRIP = NO;
				ENABLE_STRICT_OBJC_MSGSEND = YES;
				GCC_C_LANGUAGE_STANDARD = gnu99;
				GCC_DYNAMIC_NO_PIC = NO;
				GCC_OPTIMIZATION_LEVEL = 0;
				GCC_PREPROCESSOR_DEFINITIONS = (
					"DEBUG=1",
					"$(inherited)",
				);
				GCC_SYMBOLS_PRIVATE_EXTERN = NO;
				GCC_WARN_64_TO_32_BIT_CONVERSION = YES;
				GCC_WARN_ABOUT_RETURN_TYPE = YES_ERROR;
				GCC_WARN_UNDECLARED_SELECTOR = YES;
				GCC_WARN_UNINITIALIZED_AUTOS = YES_AGGRESSIVE;
				GCC_WARN_UNUSED_FUNCTION = YES;
				GCC_WARN_UNUSED_VARIABLE = YES;
				MACOSX_DEPLOYMENT_TARGET = 10.10;
				MTL_ENABLE_DEBUG_INFO = YES;
				ONLY_ACTIVE_ARCH = YES;
				SDKROOT = macosx;
			};
			name = Debug;
		};
		62E053211A8C4A7F00BAF238 /* Release */ = {
			isa = XCBuildConfiguration;
			buildSettings = {
				ALWAYS_SEARCH_USER_PATHS = NO;
				CLANG_CXX_LANGUAGE_STANDARD = "gnu++0x";
				CLANG_CXX_LIBRARY = "libc++";
				CLANG_ENABLE_MODULES = YES;
				CLANG_ENABLE_OBJC_ARC = YES;
				CLANG_WARN_BOOL_CONVERSION = YES;
				CLANG_WARN_CONSTANT_CONVERSION = YES;
				CLANG_WARN_DIRECT_OBJC_ISA_USAGE = YES_ERROR;
				CLANG_WARN_EMPTY_BODY = YES;
				CLANG_WARN_ENUM_CONVERSION = YES;
				CLANG_WARN_INT_CONVERSION = YES;
				CLANG_WARN_OBJC_ROOT_CLASS = YES_ERROR;
				CLANG_WARN_UNREACHABLE_CODE = YES;
				CLANG_WARN__DUPLICATE_METHOD_MATCH = YES;
				COPY_PHASE_STRIP = YES;
				DEBUG_INFORMATION_FORMAT = "dwarf-with-dsym";
				ENABLE_NS_ASSERTIONS = NO;
				ENABLE_STRICT_OBJC_MSGSEND = YES;
				GCC_C_LANGUAGE_STANDARD = gnu99;
				GCC_WARN_64_TO_32_BIT_CONVERSION = YES;
				GCC_WARN_ABOUT_RETURN_TYPE = YES_ERROR;
				GCC_WARN_UNDECLARED_SELECTOR = YES;
				GCC_WARN_UNINITIALIZED_AUTOS = YES_AGGRESSIVE;
				GCC_WARN_UNUSED_FUNCTION = YES;
				GCC_WARN_UNUSED_VARIABLE = YES;
				MACOSX_DEPLOYMENT_TARGET = 10.10;
				MTL_ENABLE_DEBUG_INFO = NO;
				SDKROOT = macosx;
			};
			name = Release;
		};
		62E053231A8C4A7F00BAF238 /* Debug */ = {
			isa = XCBuildConfiguration;
			buildSettings = {
				PRODUCT_NAME = "$(TARGET_NAME)";
			};
			name = Debug;
		};
		62E053241A8C4A7F00BAF238 /* Release */ = {
			isa = XCBuildConfiguration;
			buildSettings = {
				PRODUCT_NAME = "$(TARGET_NAME)";
			};
			name = Release;
		};
/* End XCBuildConfiguration section */

/* Begin XCConfigurationList section */
		62E053161A8C4A7F00BAF238 /* Build configuration list for PBXProject "UncertainParametersAndParameterSentinel" */ = {
			isa = XCConfigurationList;
			buildConfigurations = (
				62E053201A8C4A7F00BAF238 /* Debug */,
				62E053211A8C4A7F00BAF238 /* Release */,
			);
			defaultConfigurationIsVisible = 0;
			defaultConfigurationName = Release;
		};
		62E053221A8C4A7F00BAF238 /* Build configuration list for PBXNativeTarget "UncertainParametersAndParameterSentinel" */ = {
			isa = XCConfigurationList;
			buildConfigurations = (
				62E053231A8C4A7F00BAF238 /* Debug */,
				62E053241A8C4A7F00BAF238 /* Release */,
			);
			defaultConfigurationIsVisible = 0;
		};
/* End XCConfigurationList section */
	};
	rootObject = 62E053131A8C4A7F00BAF238 /* Project object */;
}
